{
    "_readme": [
        "This file locks the dependencies of your project to a known state",
        "Read more about it at https://getcomposer.org/doc/01-basic-usage.md#installing-dependencies",
        "This file is @generated automatically"
    ],
    "content-hash": "17624012881c5986d086a37ab47b4181",
    "packages": [
        {
            "name": "composer/installers",
            "version": "v1.10.0",
            "source": {
                "type": "git",
                "url": "https://github.com/composer/installers.git",
                "reference": "1a0357fccad9d1cc1ea0c9a05b8847fbccccb78d"
            },
            "dist": {
                "type": "zip",
                "url": "https://api.github.com/repos/composer/installers/zipball/1a0357fccad9d1cc1ea0c9a05b8847fbccccb78d",
                "reference": "1a0357fccad9d1cc1ea0c9a05b8847fbccccb78d",
                "shasum": ""
            },
            "require": {
                "composer-plugin-api": "^1.0 || ^2.0"
            },
            "replace": {
                "roundcube/plugin-installer": "*",
                "shama/baton": "*"
            },
            "require-dev": {
                "composer/composer": "1.6.* || ^2.0",
                "composer/semver": "^1 || ^3",
                "phpstan/phpstan": "^0.12.55",
                "phpstan/phpstan-phpunit": "^0.12.16",
                "symfony/phpunit-bridge": "^4.2 || ^5",
                "symfony/process": "^2.3"
            },
            "type": "composer-plugin",
            "extra": {
                "class": "Composer\\Installers\\Plugin",
                "branch-alias": {
                    "dev-main": "1.x-dev"
                }
            },
            "autoload": {
                "psr-4": {
                    "Composer\\Installers\\": "src/Composer/Installers"
                }
            },
            "notification-url": "https://packagist.org/downloads/",
            "license": [
                "MIT"
            ],
            "authors": [
                {
                    "name": "Kyle Robinson Young",
                    "email": "kyle@dontkry.com",
                    "homepage": "https://github.com/shama"
                }
            ],
            "description": "A multi-framework Composer library installer",
            "homepage": "https://composer.github.io/installers/",
            "keywords": [
                "Craft",
                "Dolibarr",
                "Eliasis",
                "Hurad",
                "ImageCMS",
                "Kanboard",
                "Lan Management System",
                "MODX Evo",
                "MantisBT",
                "Mautic",
                "Maya",
                "OXID",
                "Plentymarkets",
                "Porto",
                "RadPHP",
                "SMF",
                "Starbug",
                "Thelia",
                "Whmcs",
                "WolfCMS",
                "agl",
                "aimeos",
                "annotatecms",
                "attogram",
                "bitrix",
                "cakephp",
                "chef",
                "cockpit",
                "codeigniter",
                "concrete5",
                "croogo",
                "dokuwiki",
                "drupal",
                "eZ Platform",
                "elgg",
                "expressionengine",
                "fuelphp",
                "grav",
                "installer",
                "itop",
                "joomla",
                "known",
                "kohana",
                "laravel",
                "lavalite",
                "lithium",
                "magento",
                "majima",
                "mako",
                "mediawiki",
                "modulework",
                "modx",
                "moodle",
                "osclass",
                "phpbb",
                "piwik",
                "ppi",
                "processwire",
                "puppet",
                "pxcms",
                "reindex",
                "roundcube",
                "shopware",
                "silverstripe",
                "sydes",
                "sylius",
                "symfony",
                "typo3",
                "wordpress",
                "yawik",
                "zend",
                "zikula"
            ],
            "support": {
                "issues": "https://github.com/composer/installers/issues",
                "source": "https://github.com/composer/installers/tree/v1.10.0"
            },
            "funding": [
                {
                    "url": "https://packagist.com",
                    "type": "custom"
                },
                {
                    "url": "https://github.com/composer",
                    "type": "github"
                },
                {
                    "url": "https://tidelift.com/funding/github/packagist/composer/composer",
                    "type": "tidelift"
                }
            ],
            "time": "2021-01-14T11:07:16+00:00"
        },
        {
            "name": "jalle19/simple-json-rpc-client",
            "version": "1.0.9",
            "source": {
                "type": "git",
                "url": "https://github.com/Jalle19/simple-json-rpc-client.git",
                "reference": "eecfbfd02168c761d1221d9857f8dcc09db345b1"
            },
            "dist": {
                "type": "zip",
                "url": "https://api.github.com/repos/Jalle19/simple-json-rpc-client/zipball/eecfbfd02168c761d1221d9857f8dcc09db345b1",
                "reference": "eecfbfd02168c761d1221d9857f8dcc09db345b1",
                "shasum": ""
            },
            "require": {
                "php": ">=5.4.0",
                "zendframework/zend-http": "2.2.*"
            },
            "require-dev": {
                "phpunit/phpunit": "3.7.*",
                "satooshi/php-coveralls": "dev-master",
                "zendframework/zend-json": "2.2.*",
                "zendframework/zend-server": "2.2.*"
            },
            "type": "library",
            "autoload": {
                "psr-0": {
                    "SimpleJsonRpcClient\\": "src/"
                }
            },
            "notification-url": "https://packagist.org/downloads/",
            "license": [
                "BSD-2-Clause"
            ],
            "description": "Simple JSON-RPC 2.0 client which utilizes Zend for HTTP functionality",
            "homepage": "https://github.com/Jalle19/simple-json-rpc-client",
            "keywords": [
                "jsonrpc"
            ],
            "support": {
                "issues": "https://github.com/Jalle19/simple-json-rpc-client/issues",
                "source": "https://github.com/Jalle19/simple-json-rpc-client/tree/1.0.9"
            },
            "time": "2015-04-20T11:09:16+00:00"
        },
        {
            "name": "zendframework/zend-escaper",
            "version": "2.2.10",
            "source": {
                "type": "git",
                "url": "https://github.com/zendframework/zend-escaper.git",
                "reference": "232249785a19b982d86e502d161c90ce13202eed"
            },
            "dist": {
                "type": "zip",
                "url": "https://api.github.com/repos/zendframework/zend-escaper/zipball/232249785a19b982d86e502d161c90ce13202eed",
                "reference": "232249785a19b982d86e502d161c90ce13202eed",
                "shasum": ""
            },
            "require": {
                "php": ">=5.3.3"
            },
            "require-dev": {
                "fabpot/php-cs-fixer": "1.7.*",
                "phpunit/phpunit": "~4.0",
                "satooshi/php-coveralls": "dev-master"
            },
            "type": "library",
            "extra": {
                "branch-alias": {
                    "dev-master": "2.2-dev",
                    "dev-develop": "2.3-dev"
                }
            },
            "autoload": {
                "psr-4": {
                    "Zend\\Escaper\\": "src/"
                }
            },
            "notification-url": "https://packagist.org/downloads/",
            "license": [
                "BSD-3-Clause"
            ],
            "homepage": "https://github.com/zendframework/zend-escaper",
            "keywords": [
                "escaper",
                "zf2"
            ],
            "support": {
                "issues": "https://github.com/zendframework/zend-escaper/issues",
                "source": "https://github.com/zendframework/zend-escaper/tree/release-2.2.10"
            },
            "abandoned": "laminas/laminas-escaper",
            "time": "2014-03-05T17:29:35+00:00"
        },
        {
            "name": "zendframework/zend-http",
            "version": "2.2.10",
            "source": {
                "type": "git",
                "url": "https://github.com/zendframework/zend-http.git",
                "reference": "feb1c409f856ace2c0326fa86ac98136859b7e93"
            },
            "dist": {
                "type": "zip",
                "url": "https://api.github.com/repos/zendframework/zend-http/zipball/feb1c409f856ace2c0326fa86ac98136859b7e93",
                "reference": "feb1c409f856ace2c0326fa86ac98136859b7e93",
                "shasum": ""
            },
            "require": {
                "php": ">=5.3.3",
                "zendframework/zend-loader": "self.version",
                "zendframework/zend-stdlib": "self.version",
                "zendframework/zend-uri": "self.version",
                "zendframework/zend-validator": "self.version"
            },
            "require-dev": {
                "fabpot/php-cs-fixer": "1.7.*",
                "phpunit/phpunit": "~4.0",
                "satooshi/php-coveralls": "dev-master"
            },
            "type": "library",
            "extra": {
                "branch-alias": {
                    "dev-master": "2.2-dev",
                    "dev-develop": "2.3-dev"
                }
            },
            "autoload": {
                "psr-4": {
                    "Zend\\Http\\": "src/"
                }
            },
            "notification-url": "https://packagist.org/downloads/",
            "license": [
                "BSD-3-Clause"
            ],
            "description": "provides an easy interface for performing Hyper-Text Transfer Protocol (HTTP) requests",
            "homepage": "https://github.com/zendframework/zend-http",
            "keywords": [
                "http",
                "zf2"
            ],
            "support": {
                "issues": "https://github.com/zendframework/zend-http/issues",
                "source": "https://github.com/zendframework/zend-http/tree/release-2.2.10"
            },
            "abandoned": "laminas/laminas-http",
            "time": "2014-03-05T18:47:14+00:00"
        },
        {
            "name": "zendframework/zend-loader",
            "version": "2.2.10",
            "source": {
                "type": "git",
                "url": "https://github.com/zendframework/zend-loader.git",
                "reference": "8d7131b6c063251f99772eab2eba44573497dc25"
            },
            "dist": {
                "type": "zip",
                "url": "https://api.github.com/repos/zendframework/zend-loader/zipball/8d7131b6c063251f99772eab2eba44573497dc25",
                "reference": "8d7131b6c063251f99772eab2eba44573497dc25",
                "shasum": ""
            },
            "require": {
                "php": ">=5.3.3"
            },
            "require-dev": {
                "fabpot/php-cs-fixer": "1.7.*",
                "phpunit/phpunit": "~4.0",
                "satooshi/php-coveralls": "dev-master"
            },
            "type": "library",
            "extra": {
                "branch-alias": {
                    "dev-master": "2.2-dev",
                    "dev-develop": "2.3-dev"
                }
            },
            "autoload": {
                "psr-4": {
                    "Zend\\Loader\\": "src/"
                }
            },
            "notification-url": "https://packagist.org/downloads/",
            "license": [
                "BSD-3-Clause"
            ],
            "homepage": "https://github.com/zendframework/zend-loader",
            "keywords": [
                "loader",
                "zf2"
            ],
            "support": {
                "issues": "https://github.com/zendframework/zend-loader/issues",
                "source": "https://github.com/zendframework/zend-loader/tree/release-2.2.10"
            },
            "abandoned": "laminas/laminas-loader",
            "time": "2014-03-06T17:27:03+00:00"
        },
        {
            "name": "zendframework/zend-stdlib",
            "version": "2.2.10",
            "source": {
                "type": "git",
                "url": "https://github.com/zendframework/zend-stdlib.git",
                "reference": "b42d784bd142e916058a9d68eeafcc10ff63c12e"
            },
            "dist": {
                "type": "zip",
                "url": "https://api.github.com/repos/zendframework/zend-stdlib/zipball/b42d784bd142e916058a9d68eeafcc10ff63c12e",
                "reference": "b42d784bd142e916058a9d68eeafcc10ff63c12e",
                "shasum": ""
            },
            "require": {
                "php": ">=5.3.3"
            },
            "require-dev": {
                "fabpot/php-cs-fixer": "1.7.*",
                "phpunit/phpunit": "~4.0",
                "satooshi/php-coveralls": "dev-master",
                "zendframework/zend-eventmanager": "self.version",
                "zendframework/zend-filter": "self.version",
                "zendframework/zend-serializer": "self.version",
                "zendframework/zend-servicemanager": "self.version"
            },
            "suggest": {
                "zendframework/zend-eventmanager": "To support aggregate hydrator usage",
                "zendframework/zend-filter": "To support naming strategy hydrator usage",
                "zendframework/zend-serializer": "Zend\\Serializer component",
                "zendframework/zend-servicemanager": "To support hydrator plugin manager usage"
            },
            "type": "library",
            "extra": {
                "branch-alias": {
                    "dev-master": "2.2-dev",
                    "dev-develop": "2.3-dev"
                }
            },
            "autoload": {
                "psr-4": {
                    "Zend\\Stdlib\\": "src/"
                }
            },
            "notification-url": "https://packagist.org/downloads/",
            "license": [
                "BSD-3-Clause"
            ],
            "homepage": "https://github.com/zendframework/zend-stdlib",
            "keywords": [
                "stdlib",
                "zf2"
            ],
            "support": {
                "issues": "https://github.com/zendframework/zend-stdlib/issues",
                "source": "https://github.com/zendframework/zend-stdlib/tree/release-2.2.10"
            },
            "abandoned": "laminas/laminas-stdlib",
            "time": "2014-03-05T17:29:35+00:00"
        },
        {
            "name": "zendframework/zend-uri",
            "version": "2.2.10",
            "source": {
                "type": "git",
                "url": "https://github.com/zendframework/zend-uri.git",
                "reference": "ee7412a16ddd59d3f0935dfb6f09a889b7d1b561"
            },
            "dist": {
                "type": "zip",
                "url": "https://api.github.com/repos/zendframework/zend-uri/zipball/ee7412a16ddd59d3f0935dfb6f09a889b7d1b561",
                "reference": "ee7412a16ddd59d3f0935dfb6f09a889b7d1b561",
                "shasum": ""
            },
            "require": {
                "php": ">=5.3.3",
                "zendframework/zend-escaper": "self.version",
                "zendframework/zend-validator": "self.version"
            },
            "require-dev": {
                "fabpot/php-cs-fixer": "1.7.*",
                "phpunit/phpunit": "~4.0",
                "satooshi/php-coveralls": "dev-master"
            },
            "type": "library",
            "extra": {
                "branch-alias": {
                    "dev-master": "2.2-dev",
                    "dev-develop": "2.3-dev"
                }
            },
            "autoload": {
                "psr-4": {
                    "Zend\\Uri\\": "src/"
                }
            },
            "notification-url": "https://packagist.org/downloads/",
            "license": [
                "BSD-3-Clause"
            ],
            "description": "a component that aids in manipulating and validating » Uniform Resource Identifiers (URIs)",
            "homepage": "https://github.com/zendframework/zend-uri",
            "keywords": [
                "uri",
                "zf2"
            ],
            "support": {
                "issues": "https://github.com/zendframework/zend-uri/issues",
                "source": "https://github.com/zendframework/zend-uri/tree/release-2.2.10"
            },
            "abandoned": "laminas/laminas-uri",
            "time": "2014-03-05T17:29:35+00:00"
        },
        {
            "name": "zendframework/zend-validator",
            "version": "2.2.10",
            "source": {
                "type": "git",
                "url": "https://github.com/zendframework/zend-validator.git",
                "reference": "6c5637d535bc2cdaa5c85467490bfb17744c13e6"
            },
            "dist": {
                "type": "zip",
                "url": "https://api.github.com/repos/zendframework/zend-validator/zipball/6c5637d535bc2cdaa5c85467490bfb17744c13e6",
                "reference": "6c5637d535bc2cdaa5c85467490bfb17744c13e6",
                "shasum": ""
            },
            "require": {
                "php": ">=5.3.3",
                "zendframework/zend-stdlib": "self.version"
            },
            "require-dev": {
                "fabpot/php-cs-fixer": "1.7.*",
                "phpunit/phpunit": "~4.0",
                "satooshi/php-coveralls": "dev-master",
                "zendframework/zend-db": "self.version",
                "zendframework/zend-filter": "self.version",
                "zendframework/zend-i18n": "self.version",
                "zendframework/zend-math": "self.version",
                "zendframework/zend-servicemanager": "self.version",
                "zendframework/zend-session": "self.version",
                "zendframework/zend-uri": "self.version"
            },
            "suggest": {
                "zendframework/zend-db": "Zend\\Db component",
                "zendframework/zend-filter": "Zend\\Filter component, required by the Digits validator",
                "zendframework/zend-i18n": "Zend\\I18n component to allow translation of validation error messages as well as to use the various Date validators",
                "zendframework/zend-math": "Zend\\Math component",
                "zendframework/zend-resources": "Translations of validator messages",
                "zendframework/zend-servicemanager": "Zend\\ServiceManager component to allow using the ValidatorPluginManager and validator chains",
                "zendframework/zend-session": "Zend\\Session component",
                "zendframework/zend-uri": "Zend\\Uri component, required by the Uri and Sitemap\\Loc validators"
            },
            "type": "library",
            "extra": {
                "branch-alias": {
                    "dev-master": "2.2-dev",
                    "dev-develop": "2.3-dev"
                }
            },
            "autoload": {
                "psr-4": {
                    "Zend\\Validator\\": "src/"
                }
            },
            "notification-url": "https://packagist.org/downloads/",
            "license": [
                "BSD-3-Clause"
            ],
            "description": "provides a set of commonly needed validators",
            "homepage": "https://github.com/zendframework/zend-validator",
            "keywords": [
                "validator",
                "zf2"
            ],
            "support": {
                "issues": "https://github.com/zendframework/zend-validator/issues",
                "source": "https://github.com/zendframework/zend-validator/tree/release-2.2.10"
            },
            "abandoned": "laminas/laminas-validator",
            "time": "2014-03-05T17:29:35+00:00"
        }
    ],
    "packages-dev": [],
    "aliases": [],
    "minimum-stability": "stable",
    "stability-flags": [],
    "prefer-stable": false,
    "prefer-lowest": false,
    "platform": {
        "php": ">=5.6"
    },
    "platform-dev": [],
    "plugin-api-version": "2.0.0"
}
